// !$*UTF8*$!
{
	archiveVersion = 1;
	classes = {
	};
	objectVersion = 46;
	objects = {

/* Begin PBXBuildFile section */
		1222BB2D1F66252200E720DF /* mytuple.swift in Sources */ = {isa = PBXBuildFile; fileRef = 1222BB2C1F66252200E720DF /* mytuple.swift */; };
		1222BB2F1F66296A00E720DF /* myset.swift in Sources */ = {isa = PBXBuildFile; fileRef = 1222BB2E1F66296A00E720DF /* myset.swift */; };
		1222BB311F66355B00E720DF /* mydic.swift in Sources */ = {isa = PBXBuildFile; fileRef = 1222BB301F66355B00E720DF /* mydic.swift */; };
		12236E841F676AE800E2C46E /* loop.swift in Sources */ = {isa = PBXBuildFile; fileRef = 12236E831F676AE800E2C46E /* loop.swift */; };
		12236E861F67747600E2C46E /* switchtest.swift in Sources */ = {isa = PBXBuildFile; fileRef = 12236E851F67747600E2C46E /* switchtest.swift */; };
		124B0B8A1F5FDCA600C99172 /* main.swift in Sources */ = {isa = PBXBuildFile; fileRef = 124B0B891F5FDCA600C99172 /* main.swift */; };
		124B0B911F5FDE2E00C99172 /* myint.swift in Sources */ = {isa = PBXBuildFile; fileRef = 124B0B901F5FDE2E00C99172 /* myint.swift */; };
		124B0B931F5FE1DD00C99172 /* myarray.swift in Sources */ = {isa = PBXBuildFile; fileRef = 124B0B921F5FE1DD00C99172 /* myarray.swift */; };
		124B0B951F60EF4400C99172 /* myarray2test.swift in Sources */ = {isa = PBXBuildFile; fileRef = 124B0B941F60EF4400C99172 /* myarray2test.swift */; };
		129DEE911F6224BB00E624F6 /* poker.swift in Sources */ = {isa = PBXBuildFile; fileRef = 129DEE901F6224BB00E624F6 /* poker.swift */; };
		129DEE931F623EDE00E624F6 /* myStr.swift in Sources */ = {isa = PBXBuildFile; fileRef = 129DEE921F623EDE00E624F6 /* myStr.swift */; };
/* End PBXBuildFile section */

/* Begin PBXCopyFilesBuildPhase section */
		124B0B841F5FDCA600C99172 /* CopyFiles */ = {
			isa = PBXCopyFilesBuildPhase;
			buildActionMask = 2147483647;
			dstPath = /usr/share/man/man1/;
			dstSubfolderSpec = 0;
			files = (
			);
			runOnlyForDeploymentPostprocessing = 1;
		};
/* End PBXCopyFilesBuildPhase section */

/* Begin PBXFileReference section */
		1222BB2C1F66252200E720DF /* mytuple.swift */ = {isa = PBXFileReference; fileEncoding = 4; lastKnownFileType = sourcecode.swift; path = mytuple.swift; sourceTree = "<group>"; };
		1222BB2E1F66296A00E720DF /* myset.swift */ = {isa = PBXFileReference; fileEncoding = 4; lastKnownFileType = sourcecode.swift; path = myset.swift; sourceTree = "<group>"; };
		1222BB301F66355B00E720DF /* mydic.swift */ = {isa = PBXFileReference; fileEncoding = 4; lastKnownFileType = sourcecode.swift; path = mydic.swift; sourceTree = "<group>"; };
		12236E831F676AE800E2C46E /* loop.swift */ = {isa = PBXFileReference; fileEncoding = 4; lastKnownFileType = sourcecode.swift; path = loop.swift; sourceTree = "<group>"; };
		12236E851F67747600E2C46E /* switchtest.swift */ = {isa = PBXFileReference; fileEncoding = 4; lastKnownFileType = sourcecode.swift; path = switchtest.swift; sourceTree = "<group>"; };
		124B0B861F5FDCA600C99172 /* my swift05 */ = {isa = PBXFileReference; explicitFileType = "compiled.mach-o.executable"; includeInIndex = 0; path = "my swift05"; sourceTree = BUILT_PRODUCTS_DIR; };
		124B0B891F5FDCA600C99172 /* main.swift */ = {isa = PBXFileReference; lastKnownFileType = sourcecode.swift; path = main.swift; sourceTree = "<group>"; };
		124B0B901F5FDE2E00C99172 /* myint.swift */ = {isa = PBXFileReference; fileEncoding = 4; lastKnownFileType = sourcecode.swift; path = myint.swift; sourceTree = "<group>"; };
		124B0B921F5FE1DD00C99172 /* myarray.swift */ = {isa = PBXFileReference; fileEncoding = 4; lastKnownFileType = sourcecode.swift; path = myarray.swift; sourceTree = "<group>"; };
		124B0B941F60EF4400C99172 /* myarray2test.swift */ = {isa = PBXFileReference; fileEncoding = 4; lastKnownFileType = sourcecode.swift; path = myarray2test.swift; sourceTree = "<group>"; };
		129DEE901F6224BB00E624F6 /* poker.swift */ = {isa = PBXFileReference; fileEncoding = 4; lastKnownFileType = sourcecode.swift; path = poker.swift; sourceTree = "<group>"; };
		129DEE921F623EDE00E624F6 /* myStr.swift */ = {isa = PBXFileReference; fileEncoding = 4; lastKnownFileType = sourcecode.swift; path = myStr.swift; sourceTree = "<group>"; };
/* End PBXFileReference section */

/* Begin PBXFrameworksBuildPhase section */
		124B0B831F5FDCA600C99172 /* Frameworks */ = {
			isa = PBXFrameworksBuildPhase;
			buildActionMask = 2147483647;
			files = (
			);
			runOnlyForDeploymentPostprocessing = 0;
		};
/* End PBXFrameworksBuildPhase section */

/* Begin PBXGroup section */
		124B0B7D1F5FDCA600C99172 = {
			isa = PBXGroup;
			children = (
				124B0B881F5FDCA600C99172 /* my swift05 */,
				124B0B871F5FDCA600C99172 /* Products */,
			);
			sourceTree = "<group>";
		};
		124B0B871F5FDCA600C99172 /* Products */ = {
			isa = PBXGroup;
			children = (
				124B0B861F5FDCA600C99172 /* my swift05 */,
			);
			name = Products;
			sourceTree = "<group>";
		};
		124B0B881F5FDCA600C99172 /* my swift05 */ = {
			isa = PBXGroup;
			children = (
				124B0B891F5FDCA600C99172 /* main.swift */,
				124B0B901F5FDE2E00C99172 /* myint.swift */,
				124B0B921F5FE1DD00C99172 /* myarray.swift */,
				124B0B941F60EF4400C99172 /* myarray2test.swift */,
				129DEE901F6224BB00E624F6 /* poker.swift */,
				129DEE921F623EDE00E624F6 /* myStr.swift */,
				1222BB2C1F66252200E720DF /* mytuple.swift */,
				1222BB2E1F66296A00E720DF /* myset.swift */,
				1222BB301F66355B00E720DF /* mydic.swift */,
				12236E831F676AE800E2C46E /* loop.swift */,
				12236E851F67747600E2C46E /* switchtest.swift */,
			);
			path = "my swift05";
			sourceTree = "<group>";
		};
/* End PBXGroup section */

/* Begin PBXNativeTarget section */
		124B0B851F5FDCA600C99172 /* my swift05 */ = {
			isa = PBXNativeTarget;
			buildConfigurationList = 124B0B8D1F5FDCA600C99172 /* Build configuration list for PBXNativeTarget "my swift05" */;
			buildPhases = (
				124B0B821F5FDCA600C99172 /* Sources */,
				124B0B831F5FDCA600C99172 /* Frameworks */,
				124B0B841F5FDCA600C99172 /* CopyFiles */,
			);
			buildRules = (
			);
			dependencies = (
			);
			name = "my swift05";
			productName = "my swift05";
			productReference = 124B0B861F5FDCA600C99172 /* my swift05 */;
			productType = "com.apple.product-type.tool";
		};
/* End PBXNativeTarget section */

/* Begin PBXProject section */
		124B0B7E1F5FDCA600C99172 /* Project object */ = {
			isa = PBXProject;
			attributes = {
				LastSwiftUpdateCheck = 0830;
				LastUpgradeCheck = 0830;
				ORGANIZATIONNAME = "江宗益";
				TargetAttributes = {
					124B0B851F5FDCA600C99172 = {
						CreatedOnToolsVersion = 8.3.3;
						DevelopmentTeam = BR25ZM5M9T;
						ProvisioningStyle = Automatic;
					};
				};
			};
			buildConfigurationList = 124B0B811F5FDCA600C99172 /* Build configuration list for PBXProject "my swift05" */;
			compatibilityVersion = "Xcode 3.2";
			developmentRegion = English;
			hasScannedForEncodings = 0;
			knownRegions = (
				en,
			);
			mainGroup = 124B0B7D1F5FDCA600C99172;
			productRefGroup = 124B0B871F5FDCA600C99172 /* Products */;
			projectDirPath = "";
			projectRoot = "";
			targets = (
				124B0B851F5FDCA600C99172 /* my swift05 */,
			);
		};
/* End PBXProject section */

/* Begin PBXSourcesBuildPhase section */
		124B0B821F5FDCA600C99172 /* Sources */ = {
			isa = PBXSourcesBuildPhase;
			buildActionMask = 2147483647;
			files = (
				1222BB2F1F66296A00E720DF /* myset.swift in Sources */,
				124B0B951F60EF4400C99172 /* myarray2test.swift in Sources */,
				1222BB2D1F66252200E720DF /* mytuple.swift in Sources */,
				124B0B8A1F5FDCA600C99172 /* main.swift in Sources */,
				124B0B931F5FE1DD00C99172 /* myarray.swift in Sources */,
				124B0B911F5FDE2E00C99172 /* myint.swift in Sources */,
				129DEE911F6224BB00E624F6 /* poker.swift in Sources */,
				12236E841F676AE800E2C46E /* loop.swift in Sources */,
				12236E861F67747600E2C46E /* switchtest.swift in Sources */,
				129DEE931F623EDE00E624F6 /* myStr.swift in Sources */,
				1222BB311F66355B00E720DF /* mydic.swift in Sources */,
			);
			runOnlyForDeploymentPostprocessing = 0;
		};
/* End PBXSourcesBuildPhase section */

/* Begin XCBuildConfiguration section */
		124B0B8B1F5FDCA600C99172 /* Debug */ = {
			isa = XCBuildConfiguration;
			buildSettings = {
				ALWAYS_SEARCH_USER_PATHS = NO;
				CLANG_ANALYZER_NONNULL = YES;
				CLANG_ANALYZER_NUMBER_OBJECT_CONVERSION = YES_AGGRESSIVE;
				CLANG_CXX_LANGUAGE_STANDARD = "gnu++0x";
				CLANG_CXX_LIBRARY = "libc++";
				CLANG_ENABLE_MODULES = YES;
				CLANG_ENABLE_OBJC_ARC = YES;
				CLANG_WARN_BOOL_CONVERSION = YES;
				CLANG_WARN_CONSTANT_CONVERSION = YES;
				CLANG_WARN_DIRECT_OBJC_ISA_USAGE = YES_ERROR;
				CLANG_WARN_DOCUMENTATION_COMMENTS = YES;
				CLANG_WARN_EMPTY_BODY = YES;
				CLANG_WARN_ENUM_CONVERSION = YES;
				CLANG_WARN_INFINITE_RECURSION = YES;
				CLANG_WARN_INT_CONVERSION = YES;
				CLANG_WARN_OBJC_ROOT_CLASS = YES_ERROR;
				CLANG_WARN_SUSPICIOUS_MOVE = YES;
				CLANG_WARN_UNREACHABLE_CODE = YES;
				CLANG_WARN__DUPLICATE_METHOD_MATCH = YES;
				CODE_SIGN_IDENTITY = "-";
				COPY_PHASE_STRIP = NO;
				DEBUG_INFORMATION_FORMAT = dwarf;
				ENABLE_STRICT_OBJC_MSGSEND = YES;
				ENABLE_TESTABILITY = YES;
				GCC_C_LANGUAGE_STANDARD = gnu99;
				GCC_DYNAMIC_NO_PIC = NO;
				GCC_NO_COMMON_BLOCKS = YES;
				GCC_OPTIMIZATION_LEVEL = 0;
				GCC_PREPROCESSOR_DEFINITIONS = (
					"DEBUG=1",
					"$(inherited)",
				);
				GCC_WARN_64_TO_32_BIT_CONVERSION = YES;
				GCC_WARN_ABOUT_RETURN_TYPE = YES_ERROR;
				GCC_WARN_UNDECLARED_SELECTOR = YES;
				GCC_WARN_UNINITIALIZED_AUTOS = YES_AGGRESSIVE;
				GCC_WARN_UNUSED_FUNCTION = YES;
				GCC_WARN_UNUSED_VARIABLE = YES;
				MACOSX_DEPLOYMENT_TARGET = 10.12;
				MTL_ENABLE_DEBUG_INFO = YES;
				ONLY_ACTIVE_ARCH = YES;
				SDKROOT = macosx;
				SWIFT_OPTIMIZATION_LEVEL = "-Onone";
			};
			name = Debug;
		};
		124B0B8C1F5FDCA600C99172 /* Release */ = {
			isa = XCBuildConfiguration;
			buildSettings = {
				ALWAYS_SEARCH_USER_PATHS = NO;
				CLANG_ANALYZER_NONNULL = YES;
				CLANG_ANALYZER_NUMBER_OBJECT_CONVERSION = YES_AGGRESSIVE;
				CLANG_CXX_LANGUAGE_STANDARD = "gnu++0x";
				CLANG_CXX_LIBRARY = "libc++";
				CLANG_ENABLE_MODULES = YES;
				CLANG_ENABLE_OBJC_ARC = YES;
				CLANG_WARN_BOOL_CONVERSION = YES;
				CLANG_WARN_CONSTANT_CONVERSION = YES;
				CLANG_WARN_DIRECT_OBJC_ISA_USAGE = YES_ERROR;
				CLANG_WARN_DOCUMENTATION_COMMENTS = YES;
				CLANG_WARN_EMPTY_BODY = YES;
				CLANG_WARN_ENUM_CONVERSION = YES;
				CLANG_WARN_INFINITE_RECURSION = YES;
				CLANG_WARN_INT_CONVERSION = YES;
				CLANG_WARN_OBJC_ROOT_CLASS = YES_ERROR;
				CLANG_WARN_SUSPICIOUS_MOVE = YES;
				CLANG_WARN_UNREACHABLE_CODE = YES;
				CLANG_WARN__DUPLICATE_METHOD_MATCH = YES;
				CODE_SIGN_IDENTITY = "-";
				COPY_PHASE_STRIP = NO;
				DEBUG_INFORMATION_FORMAT = "dwarf-with-dsym";
				ENABLE_NS_ASSERTIONS = NO;
				ENABLE_STRICT_OBJC_MSGSEND = YES;
				GCC_C_LANGUAGE_STANDARD = gnu99;
				GCC_NO_COMMON_BLOCKS = YES;
				GCC_WARN_64_TO_32_BIT_CONVERSION = YES;
				GCC_WARN_ABOUT_RETURN_TYPE = YES_ERROR;
				GCC_WARN_UNDECLARED_SELECTOR = YES;
				GCC_WARN_UNINITIALIZED_AUTOS = YES_AGGRESSIVE;
				GCC_WARN_UNUSED_FUNCTION = YES;
				GCC_WARN_UNUSED_VARIABLE = YES;
				MACOSX_DEPLOYMENT_TARGET = 10.12;
				MTL_ENABLE_DEBUG_INFO = NO;
				SDKROOT = macosx;
			};
			name = Release;
		};
		124B0B8E1F5FDCA600C99172 /* Debug */ = {
			isa = XCBuildConfiguration;
			buildSettings = {
				DEVELOPMENT_TEAM = BR25ZM5M9T;
				PRODUCT_NAME = "$(TARGET_NAME)";
				SWIFT_VERSION = 3.0;
			};
			name = Debug;
		};
		124B0B8F1F5FDCA600C99172 /* Release */ = {
			isa = XCBuildConfiguration;
			buildSettings = {
				DEVELOPMENT_TEAM = BR25ZM5M9T;
				PRODUCT_NAME = "$(TARGET_NAME)";
				SWIFT_VERSION = 3.0;
			};
			name = Release;
		};
/* End XCBuildConfiguration section */

/* Begin XCConfigurationList section */
		124B0B811F5FDCA600C99172 /* Build configuration list for PBXProject "my swift05" */ = {
			isa = XCConfigurationList;
			buildConfigurations = (
				124B0B8B1F5FDCA600C99172 /* Debug */,
				124B0B8C1F5FDCA600C99172 /* Release */,
			);
			defaultConfigurationIsVisible = 0;
			defaultConfigurationName = Release;
		};
		124B0B8D1F5FDCA600C99172 /* Build configuration list for PBXNativeTarget "my swift05" */ = {
			isa = XCConfigurationList;
			buildConfigurations = (
				124B0B8E1F5FDCA600C99172 /* Debug */,
				124B0B8F1F5FDCA600C99172 /* Release */,
			);
			defaultConfigurationIsVisible = 0;
			defaultConfigurationName = Release;
		};
/* End XCConfigurationList section */
	};
	rootObject = 124B0B7E1F5FDCA600C99172 /* Project object */;
}
